// !$*UTF8*$!
{
	archiveVersion = 1;
	classes = {
	};
	objectVersion = 51;
	objects = {

/* Begin PBXBuildFile section */
		24ABCDE624252849007B59B7 /* Alert.swift in Sources */ = {isa = PBXBuildFile; fileRef = 24ABCDE524252849007B59B7 /* Alert.swift */; };
		24E031E42423ACD8009A1977 /* AppDelegate.swift in Sources */ = {isa = PBXBuildFile; fileRef = 24E031E32423ACD8009A1977 /* AppDelegate.swift */; };
		24E031E62423ACD8009A1977 /* SceneDelegate.swift in Sources */ = {isa = PBXBuildFile; fileRef = 24E031E52423ACD8009A1977 /* SceneDelegate.swift */; };
		24E031E82423ACD8009A1977 /* ViewController.swift in Sources */ = {isa = PBXBuildFile; fileRef = 24E031E72423ACD8009A1977 /* ViewController.swift */; };
		24E031EB2423ACD8009A1977 /* Main.storyboard in Resources */ = {isa = PBXBuildFile; fileRef = 24E031E92423ACD8009A1977 /* Main.storyboard */; };
		24E031ED2423ACDC009A1977 /* Assets.xcassets in Resources */ = {isa = PBXBuildFile; fileRef = 24E031EC2423ACDC009A1977 /* Assets.xcassets */; };
		24E031F02423ACDC009A1977 /* LaunchScreen.storyboard in Resources */ = {isa = PBXBuildFile; fileRef = 24E031EE2423ACDC009A1977 /* LaunchScreen.storyboard */; };
		24E031FC2423B764009A1977 /* Movie.swift in Sources */ = {isa = PBXBuildFile; fileRef = 24E031FB2423B764009A1977 /* Movie.swift */; };
		24E031FE2423BD85009A1977 /* MovieResponse.swift in Sources */ = {isa = PBXBuildFile; fileRef = 24E031FD2423BD85009A1977 /* MovieResponse.swift */; };
		24E032002423C0CC009A1977 /* HomeMovieViewController.swift in Sources */ = {isa = PBXBuildFile; fileRef = 24E031FF2423C0CC009A1977 /* HomeMovieViewController.swift */; };
		24E032022423CC8A009A1977 /* MovieService.swift in Sources */ = {isa = PBXBuildFile; fileRef = 24E032012423CC8A009A1977 /* MovieService.swift */; };
		24E032042423CF6E009A1977 /* moviedb.plist in Resources */ = {isa = PBXBuildFile; fileRef = 24E032032423CF6E009A1977 /* moviedb.plist */; };
		24E0320624243AEF009A1977 /* genres.json in Resources */ = {isa = PBXBuildFile; fileRef = 24E0320524243AEF009A1977 /* genres.json */; };
		24E0320824243C7B009A1977 /* Genre.swift in Sources */ = {isa = PBXBuildFile; fileRef = 24E0320724243C7B009A1977 /* Genre.swift */; };
		24E0320C24246998009A1977 /* DetailMovieViewController.swift in Sources */ = {isa = PBXBuildFile; fileRef = 24E0320B24246998009A1977 /* DetailMovieViewController.swift */; };
		492095485B715C3EA6011C56 /* Pods_ClickBusTest.framework in Frameworks */ = {isa = PBXBuildFile; fileRef = AF66D8CEA657C5DFA0ED7EF9 /* Pods_ClickBusTest.framework */; };
/* End PBXBuildFile section */

/* Begin PBXFileReference section */
		24ABCDE524252849007B59B7 /* Alert.swift */ = {isa = PBXFileReference; lastKnownFileType = sourcecode.swift; path = Alert.swift; sourceTree = "<group>"; };
		24E031E02423ACD8009A1977 /* ClickBusTest.app */ = {isa = PBXFileReference; explicitFileType = wrapper.application; includeInIndex = 0; path = ClickBusTest.app; sourceTree = BUILT_PRODUCTS_DIR; };
		24E031E32423ACD8009A1977 /* AppDelegate.swift */ = {isa = PBXFileReference; lastKnownFileType = sourcecode.swift; path = AppDelegate.swift; sourceTree = "<group>"; };
		24E031E52423ACD8009A1977 /* SceneDelegate.swift */ = {isa = PBXFileReference; lastKnownFileType = sourcecode.swift; path = SceneDelegate.swift; sourceTree = "<group>"; };
		24E031E72423ACD8009A1977 /* ViewController.swift */ = {isa = PBXFileReference; lastKnownFileType = sourcecode.swift; path = ViewController.swift; sourceTree = "<group>"; };
		24E031EA2423ACD8009A1977 /* Base */ = {isa = PBXFileReference; lastKnownFileType = file.storyboard; name = Base; path = Base.lproj/Main.storyboard; sourceTree = "<group>"; };
		24E031EC2423ACDC009A1977 /* Assets.xcassets */ = {isa = PBXFileReference; lastKnownFileType = folder.assetcatalog; path = Assets.xcassets; sourceTree = "<group>"; };
		24E031EF2423ACDC009A1977 /* Base */ = {isa = PBXFileReference; lastKnownFileType = file.storyboard; name = Base; path = Base.lproj/LaunchScreen.storyboard; sourceTree = "<group>"; };
		24E031F12423ACDC009A1977 /* Info.plist */ = {isa = PBXFileReference; lastKnownFileType = text.plist.xml; path = Info.plist; sourceTree = "<group>"; };
		24E031FB2423B764009A1977 /* Movie.swift */ = {isa = PBXFileReference; lastKnownFileType = sourcecode.swift; path = Movie.swift; sourceTree = "<group>"; };
		24E031FD2423BD85009A1977 /* MovieResponse.swift */ = {isa = PBXFileReference; lastKnownFileType = sourcecode.swift; path = MovieResponse.swift; sourceTree = "<group>"; };
		24E031FF2423C0CC009A1977 /* HomeMovieViewController.swift */ = {isa = PBXFileReference; lastKnownFileType = sourcecode.swift; path = HomeMovieViewController.swift; sourceTree = "<group>"; };
		24E032012423CC8A009A1977 /* MovieService.swift */ = {isa = PBXFileReference; lastKnownFileType = sourcecode.swift; path = MovieService.swift; sourceTree = "<group>"; };
		24E032032423CF6E009A1977 /* moviedb.plist */ = {isa = PBXFileReference; lastKnownFileType = text.plist.xml; path = moviedb.plist; sourceTree = "<group>"; };
		24E0320524243AEF009A1977 /* genres.json */ = {isa = PBXFileReference; fileEncoding = 4; lastKnownFileType = text.json; path = genres.json; sourceTree = "<group>"; };
		24E0320724243C7B009A1977 /* Genre.swift */ = {isa = PBXFileReference; lastKnownFileType = sourcecode.swift; path = Genre.swift; sourceTree = "<group>"; };
		24E0320B24246998009A1977 /* DetailMovieViewController.swift */ = {isa = PBXFileReference; lastKnownFileType = sourcecode.swift; path = DetailMovieViewController.swift; sourceTree = "<group>"; };
		3265C9C95C55AE80681531F2 /* Pods-ClickBusTest.debug.xcconfig */ = {isa = PBXFileReference; includeInIndex = 1; lastKnownFileType = text.xcconfig; name = "Pods-ClickBusTest.debug.xcconfig"; path = "Target Support Files/Pods-ClickBusTest/Pods-ClickBusTest.debug.xcconfig"; sourceTree = "<group>"; };
		AF66D8CEA657C5DFA0ED7EF9 /* Pods_ClickBusTest.framework */ = {isa = PBXFileReference; explicitFileType = wrapper.framework; includeInIndex = 0; path = Pods_ClickBusTest.framework; sourceTree = BUILT_PRODUCTS_DIR; };
		F3990D79EC12522BAF0A1E10 /* Pods-ClickBusTest.release.xcconfig */ = {isa = PBXFileReference; includeInIndex = 1; lastKnownFileType = text.xcconfig; name = "Pods-ClickBusTest.release.xcconfig"; path = "Target Support Files/Pods-ClickBusTest/Pods-ClickBusTest.release.xcconfig"; sourceTree = "<group>"; };
/* End PBXFileReference section */

/* Begin PBXFrameworksBuildPhase section */
		24E031DD2423ACD8009A1977 /* Frameworks */ = {
			isa = PBXFrameworksBuildPhase;
			buildActionMask = 2147483647;
			files = (
				492095485B715C3EA6011C56 /* Pods_ClickBusTest.framework in Frameworks */,
			);
			runOnlyForDeploymentPostprocessing = 0;
		};
/* End PBXFrameworksBuildPhase section */

/* Begin PBXGroup section */
		04115E2928EB3CEC498BF018 /* Frameworks */ = {
			isa = PBXGroup;
			children = (
				AF66D8CEA657C5DFA0ED7EF9 /* Pods_ClickBusTest.framework */,
			);
			name = Frameworks;
			sourceTree = "<group>";
		};
		16E6F4F2921F9D2B58425AA4 /* Pods */ = {
			isa = PBXGroup;
			children = (
				3265C9C95C55AE80681531F2 /* Pods-ClickBusTest.debug.xcconfig */,
				F3990D79EC12522BAF0A1E10 /* Pods-ClickBusTest.release.xcconfig */,
			);
			path = Pods;
			sourceTree = "<group>";
		};
		24E031D72423ACD8009A1977 = {
			isa = PBXGroup;
			children = (
				24E031E22423ACD8009A1977 /* ClickBusTest */,
				24E031E12423ACD8009A1977 /* Products */,
				16E6F4F2921F9D2B58425AA4 /* Pods */,
				04115E2928EB3CEC498BF018 /* Frameworks */,
			);
			sourceTree = "<group>";
		};
		24E031E12423ACD8009A1977 /* Products */ = {
			isa = PBXGroup;
			children = (
				24E031E02423ACD8009A1977 /* ClickBusTest.app */,
			);
			name = Products;
			sourceTree = "<group>";
		};
		24E031E22423ACD8009A1977 /* ClickBusTest */ = {
			isa = PBXGroup;
			children = (
				24E031FA2423B74F009A1977 /* Model */,
				24E031F92423B616009A1977 /* Util */,
				24E031F82423B607009A1977 /* ViewController */,
				24E031F72423B5FD009A1977 /* Network */,
				24E031E32423ACD8009A1977 /* AppDelegate.swift */,
				24E031E52423ACD8009A1977 /* SceneDelegate.swift */,
				24E031E72423ACD8009A1977 /* ViewController.swift */,
				24E031E92423ACD8009A1977 /* Main.storyboard */,
				24E031EC2423ACDC009A1977 /* Assets.xcassets */,
				24E031EE2423ACDC009A1977 /* LaunchScreen.storyboard */,
				24E031F12423ACDC009A1977 /* Info.plist */,
				24E032032423CF6E009A1977 /* moviedb.plist */,
				24E0320524243AEF009A1977 /* genres.json */,
			);
			path = ClickBusTest;
			sourceTree = "<group>";
		};
		24E031F72423B5FD009A1977 /* Network */ = {
			isa = PBXGroup;
			children = (
				24E032012423CC8A009A1977 /* MovieService.swift */,
			);
			path = Network;
			sourceTree = "<group>";
		};
		24E031F82423B607009A1977 /* ViewController */ = {
			isa = PBXGroup;
			children = (
				24E031FF2423C0CC009A1977 /* HomeMovieViewController.swift */,
				24E0320B24246998009A1977 /* DetailMovieViewController.swift */,
			);
			path = ViewController;
			sourceTree = "<group>";
		};
		24E031F92423B616009A1977 /* Util */ = {
			isa = PBXGroup;
			children = (
				24ABCDE524252849007B59B7 /* Alert.swift */,
			);
			path = Util;
			sourceTree = "<group>";
		};
		24E031FA2423B74F009A1977 /* Model */ = {
			isa = PBXGroup;
			children = (
				24E031FB2423B764009A1977 /* Movie.swift */,
				24E031FD2423BD85009A1977 /* MovieResponse.swift */,
				24E0320724243C7B009A1977 /* Genre.swift */,
			);
			path = Model;
			sourceTree = "<group>";
		};
/* End PBXGroup section */

/* Begin PBXNativeTarget section */
		24E031DF2423ACD8009A1977 /* ClickBusTest */ = {
			isa = PBXNativeTarget;
			buildConfigurationList = 24E031F42423ACDC009A1977 /* Build configuration list for PBXNativeTarget "ClickBusTest" */;
			buildPhases = (
				0EE2EAEE49C16CD6D6594E87 /* [CP] Check Pods Manifest.lock */,
				24E031DC2423ACD8009A1977 /* Sources */,
				24E031DD2423ACD8009A1977 /* Frameworks */,
				24E031DE2423ACD8009A1977 /* Resources */,
				38C6F916FC1C0D156972CE71 /* [CP] Embed Pods Frameworks */,
			);
			buildRules = (
			);
			dependencies = (
			);
			name = ClickBusTest;
			productName = ClickBusTest;
			productReference = 24E031E02423ACD8009A1977 /* ClickBusTest.app */;
			productType = "com.apple.product-type.application";
		};
/* End PBXNativeTarget section */

/* Begin PBXProject section */
		24E031D82423ACD8009A1977 /* Project object */ = {
			isa = PBXProject;
			attributes = {
				LastSwiftUpdateCheck = 1130;
				LastUpgradeCheck = 1130;
				ORGANIZATIONNAME = "Albert Oliveira";
				TargetAttributes = {
					24E031DF2423ACD8009A1977 = {
						CreatedOnToolsVersion = 11.3.1;
					};
				};
			};
			buildConfigurationList = 24E031DB2423ACD8009A1977 /* Build configuration list for PBXProject "ClickBusTest" */;
			compatibilityVersion = "Xcode 9.3";
			developmentRegion = en;
			hasScannedForEncodings = 0;
			knownRegions = (
				en,
				Base,
			);
			mainGroup = 24E031D72423ACD8009A1977;
			productRefGroup = 24E031E12423ACD8009A1977 /* Products */;
			projectDirPath = "";
			projectRoot = "";
			targets = (
				24E031DF2423ACD8009A1977 /* ClickBusTest */,
			);
		};
/* End PBXProject section */

/* Begin PBXResourcesBuildPhase section */
		24E031DE2423ACD8009A1977 /* Resources */ = {
			isa = PBXResourcesBuildPhase;
			buildActionMask = 2147483647;
			files = (
				24E031F02423ACDC009A1977 /* LaunchScreen.storyboard in Resources */,
				24E032042423CF6E009A1977 /* moviedb.plist in Resources */,
				24E0320624243AEF009A1977 /* genres.json in Resources */,
				24E031ED2423ACDC009A1977 /* Assets.xcassets in Resources */,
				24E031EB2423ACD8009A1977 /* Main.storyboard in Resources */,
			);
			runOnlyForDeploymentPostprocessing = 0;
		};
/* End PBXResourcesBuildPhase section */

/* Begin PBXShellScriptBuildPhase section */
		0EE2EAEE49C16CD6D6594E87 /* [CP] Check Pods Manifest.lock */ = {
			isa = PBXShellScriptBuildPhase;
			buildActionMask = 2147483647;
			files = (
			);
			inputFileListPaths = (
			);
			inputPaths = (
				"${PODS_PODFILE_DIR_PATH}/Podfile.lock",
				"${PODS_ROOT}/Manifest.lock",
			);
			name = "[CP] Check Pods Manifest.lock";
			outputFileListPaths = (
			);
			outputPaths = (
				"$(DERIVED_FILE_DIR)/Pods-ClickBusTest-checkManifestLockResult.txt",
			);
			runOnlyForDeploymentPostprocessing = 0;
			shellPath = /bin/sh;
			shellScript = "diff \"${PODS_PODFILE_DIR_PATH}/Podfile.lock\" \"${PODS_ROOT}/Manifest.lock\" > /dev/null\nif [ $? != 0 ] ; then\n    # print error to STDERR\n    echo \"error: The sandbox is not in sync with the Podfile.lock. Run 'pod install' or update your CocoaPods installation.\" >&2\n    exit 1\nfi\n# This output is used by Xcode 'outputs' to avoid re-running this script phase.\necho \"SUCCESS\" > \"${SCRIPT_OUTPUT_FILE_0}\"\n";
			showEnvVarsInLog = 0;
		};
		38C6F916FC1C0D156972CE71 /* [CP] Embed Pods Frameworks */ = {
			isa = PBXShellScriptBuildPhase;
			buildActionMask = 2147483647;
			files = (
			);
			inputFileListPaths = (
				"${PODS_ROOT}/Target Support Files/Pods-ClickBusTest/Pods-ClickBusTest-frameworks-${CONFIGURATION}-input-files.xcfilelist",
			);
			name = "[CP] Embed Pods Frameworks";
			outputFileListPaths = (
				"${PODS_ROOT}/Target Support Files/Pods-ClickBusTest/Pods-ClickBusTest-frameworks-${CONFIGURATION}-output-files.xcfilelist",
			);
			runOnlyForDeploymentPostprocessing = 0;
			shellPath = /bin/sh;
			shellScript = "\"${PODS_ROOT}/Target Support Files/Pods-ClickBusTest/Pods-ClickBusTest-frameworks.sh\"\n";
			showEnvVarsInLog = 0;
		};
/* End PBXShellScriptBuildPhase section */

/* Begin PBXSourcesBuildPhase section */
		24E031DC2423ACD8009A1977 /* Sources */ = {
			isa = PBXSourcesBuildPhase;
			buildActionMask = 2147483647;
			files = (
				24E031E82423ACD8009A1977 /* ViewController.swift in Sources */,
				24E0320C24246998009A1977 /* DetailMovieViewController.swift in Sources */,
				24E031FE2423BD85009A1977 /* MovieResponse.swift in Sources */,
				24E032002423C0CC009A1977 /* HomeMovieViewController.swift in Sources */,
				24E031E42423ACD8009A1977 /* AppDelegate.swift in Sources */,
				24E031FC2423B764009A1977 /* Movie.swift in Sources */,
				24E031E62423ACD8009A1977 /* SceneDelegate.swift in Sources */,
				24E032022423CC8A009A1977 /* MovieService.swift in Sources */,
				24ABCDE624252849007B59B7 /* Alert.swift in Sources */,
				24E0320824243C7B009A1977 /* Genre.swift in Sources */,
			);
			runOnlyForDeploymentPostprocessing = 0;
		};
/* End PBXSourcesBuildPhase section */

/* Begin PBXVariantGroup section */
		24E031E92423ACD8009A1977 /* Main.storyboard */ = {
			isa = PBXVariantGroup;
			children = (
				24E031EA2423ACD8009A1977 /* Base */,
			);
			name = Main.storyboard;
			sourceTree = "<group>";
		};
		24E031EE2423ACDC009A1977 /* LaunchScreen.storyboard */ = {
			isa = PBXVariantGroup;
			children = (
				24E031EF2423ACDC009A1977 /* Base */,
			);
			name = LaunchScreen.storyboard;
			sourceTree = "<group>";
		};
/* End PBXVariantGroup section */

/* Begin XCBuildConfiguration section */
		24E031F22423ACDC009A1977 /* Debug */ = {
			isa = XCBuildConfiguration;
			buildSettings = {
				ALWAYS_SEARCH_USER_PATHS = NO;
				CLANG_ANALYZER_NONNULL = YES;
				CLANG_ANALYZER_NUMBER_OBJECT_CONVERSION = YES_AGGRESSIVE;
				CLANG_CXX_LANGUAGE_STANDARD = "gnu++14";
				CLANG_CXX_LIBRARY = "libc++";
				CLANG_ENABLE_MODULES = YES;
				CLANG_ENABLE_OBJC_ARC = YES;
				CLANG_ENABLE_OBJC_WEAK = YES;
				CLANG_WARN_BLOCK_CAPTURE_AUTORELEASING = YES;
				CLANG_WARN_BOOL_CONVERSION = YES;
				CLANG_WARN_COMMA = YES;
				CLANG_WARN_CONSTANT_CONVERSION = YES;
				CLANG_WARN_DEPRECATED_OBJC_IMPLEMENTATIONS = YES;
				CLANG_WARN_DIRECT_OBJC_ISA_USAGE = YES_ERROR;
				CLANG_WARN_DOCUMENTATION_COMMENTS = YES;
				CLANG_WARN_EMPTY_BODY = YES;
				CLANG_WARN_ENUM_CONVERSION = YES;
				CLANG_WARN_INFINITE_RECURSION = YES;
				CLANG_WARN_INT_CONVERSION = YES;
				CLANG_WARN_NON_LITERAL_NULL_CONVERSION = YES;
				CLANG_WARN_OBJC_IMPLICIT_RETAIN_SELF = YES;
				CLANG_WARN_OBJC_LITERAL_CONVERSION = YES;
				CLANG_WARN_OBJC_ROOT_CLASS = YES_ERROR;
				CLANG_WARN_RANGE_LOOP_ANALYSIS = YES;
				CLANG_WARN_STRICT_PROTOTYPES = YES;
				CLANG_WARN_SUSPICIOUS_MOVE = YES;
				CLANG_WARN_UNGUARDED_AVAILABILITY = YES_AGGRESSIVE;
				CLANG_WARN_UNREACHABLE_CODE = YES;
				CLANG_WARN__DUPLICATE_METHOD_MATCH = YES;
				COPY_PHASE_STRIP = NO;
				DEBUG_INFORMATION_FORMAT = dwarf;
				ENABLE_STRICT_OBJC_MSGSEND = YES;
				ENABLE_TESTABILITY = YES;
				GCC_C_LANGUAGE_STANDARD = gnu11;
				GCC_DYNAMIC_NO_PIC = NO;
				GCC_NO_COMMON_BLOCKS = YES;
				GCC_OPTIMIZATION_LEVEL = 0;
				GCC_PREPROCESSOR_DEFINITIONS = (
					"DEBUG=1",
					"$(inherited)",
				);
				GCC_WARN_64_TO_32_BIT_CONVERSION = YES;
				GCC_WARN_ABOUT_RETURN_TYPE = YES_ERROR;
				GCC_WARN_UNDECLARED_SELECTOR = YES;
				GCC_WARN_UNINITIALIZED_AUTOS = YES_AGGRESSIVE;
				GCC_WARN_UNUSED_FUNCTION = YES;
				GCC_WARN_UNUSED_VARIABLE = YES;
				IPHONEOS_DEPLOYMENT_TARGET = 13.2;
				MTL_ENABLE_DEBUG_INFO = INCLUDE_SOURCE;
				MTL_FAST_MATH = YES;
				ONLY_ACTIVE_ARCH = YES;
				SDKROOT = iphoneos;
				SWIFT_ACTIVE_COMPILATION_CONDITIONS = DEBUG;
				SWIFT_OPTIMIZATION_LEVEL = "-Onone";
			};
			name = Debug;
		};
		24E031F32423ACDC009A1977 /* Release */ = {
			isa = XCBuildConfiguration;
			buildSettings = {
				ALWAYS_SEARCH_USER_PATHS = NO;
				CLANG_ANALYZER_NONNULL = YES;
				CLANG_ANALYZER_NUMBER_OBJECT_CONVERSION = YES_AGGRESSIVE;
				CLANG_CXX_LANGUAGE_STANDARD = "gnu++14";
				CLANG_CXX_LIBRARY = "libc++";
				CLANG_ENABLE_MODULES = YES;
				CLANG_ENABLE_OBJC_ARC = YES;
				CLANG_ENABLE_OBJC_WEAK = YES;
				CLANG_WARN_BLOCK_CAPTURE_AUTORELEASING = YES;
				CLANG_WARN_BOOL_CONVERSION = YES;
				CLANG_WARN_COMMA = YES;
				CLANG_WARN_CONSTANT_CONVERSION = YES;
				CLANG_WARN_DEPRECATED_OBJC_IMPLEMENTATIONS = YES;
				CLANG_WARN_DIRECT_OBJC_ISA_USAGE = YES_ERROR;
				CLANG_WARN_DOCUMENTATION_COMMENTS = YES;
				CLANG_WARN_EMPTY_BODY = YES;
				CLANG_WARN_ENUM_CONVERSION = YES;
				CLANG_WARN_INFINITE_RECURSION = YES;
				CLANG_WARN_INT_CONVERSION = YES;
				CLANG_WARN_NON_LITERAL_NULL_CONVERSION = YES;
				CLANG_WARN_OBJC_IMPLICIT_RETAIN_SELF = YES;
				CLANG_WARN_OBJC_LITERAL_CONVERSION = YES;
				CLANG_WARN_OBJC_ROOT_CLASS = YES_ERROR;
				CLANG_WARN_RANGE_LOOP_ANALYSIS = YES;
				CLANG_WARN_STRICT_PROTOTYPES = YES;
				CLANG_WARN_SUSPICIOUS_MOVE = YES;
				CLANG_WARN_UNGUARDED_AVAILABILITY = YES_AGGRESSIVE;
				CLANG_WARN_UNREACHABLE_CODE = YES;
				CLANG_WARN__DUPLICATE_METHOD_MATCH = YES;
				COPY_PHASE_STRIP = NO;
				DEBUG_INFORMATION_FORMAT = "dwarf-with-dsym";
				ENABLE_NS_ASSERTIONS = NO;
				ENABLE_STRICT_OBJC_MSGSEND = YES;
				GCC_C_LANGUAGE_STANDARD = gnu11;
				GCC_NO_COMMON_BLOCKS = YES;
				GCC_WARN_64_TO_32_BIT_CONVERSION = YES;
				GCC_WARN_ABOUT_RETURN_TYPE = YES_ERROR;
				GCC_WARN_UNDECLARED_SELECTOR = YES;
				GCC_WARN_UNINITIALIZED_AUTOS = YES_AGGRESSIVE;
				GCC_WARN_UNUSED_FUNCTION = YES;
				GCC_WARN_UNUSED_VARIABLE = YES;
				IPHONEOS_DEPLOYMENT_TARGET = 13.2;
				MTL_ENABLE_DEBUG_INFO = NO;
				MTL_FAST_MATH = YES;
				SDKROOT = iphoneos;
				SWIFT_COMPILATION_MODE = wholemodule;
				SWIFT_OPTIMIZATION_LEVEL = "-O";
				VALIDATE_PRODUCT = YES;
			};
			name = Release;
		};
		24E031F52423ACDC009A1977 /* Debug */ = {
			isa = XCBuildConfiguration;
			baseConfigurationReference = 3265C9C95C55AE80681531F2 /* Pods-ClickBusTest.debug.xcconfig */;
			buildSettings = {
				ASSETCATALOG_COMPILER_APPICON_NAME = AppIcon;
				CODE_SIGN_STYLE = Automatic;
				DEVELOPMENT_TEAM = HBTQ8XWE5D;
				INFOPLIST_FILE = ClickBusTest/Info.plist;
				LD_RUNPATH_SEARCH_PATHS = (
					"$(inherited)",
					"@executable_path/Frameworks",
				);
				PRODUCT_BUNDLE_IDENTIFIER = ClickBus.ClickBusTest;
				PRODUCT_NAME = "$(TARGET_NAME)";
				SWIFT_VERSION = 5.0;
				TARGETED_DEVICE_FAMILY = "1,2";
			};
			name = Debug;
		};
		24E031F62423ACDC009A1977 /* Release */ = {
			isa = XCBuildConfiguration;
			baseConfigurationReference = F3990D79EC12522BAF0A1E10 /* Pods-ClickBusTest.release.xcconfig */;
			buildSettings = {
				ASSETCATALOG_COMPILER_APPICON_NAME = AppIcon;
				CODE_SIGN_STYLE = Automatic;
				DEVELOPMENT_TEAM = HBTQ8XWE5D;
				INFOPLIST_FILE = ClickBusTest/Info.plist;
				LD_RUNPATH_SEARCH_PATHS = (
					"$(inherited)",
					"@executable_path/Frameworks",
				);
				PRODUCT_BUNDLE_IDENTIFIER = ClickBus.ClickBusTest;
				PRODUCT_NAME = "$(TARGET_NAME)";
				SWIFT_VERSION = 5.0;
				TARGETED_DEVICE_FAMILY = "1,2";
			};
			name = Release;
		};
/* End XCBuildConfiguration section */

/* Begin XCConfigurationList section */
		24E031DB2423ACD8009A1977 /* Build configuration list for PBXProject "ClickBusTest" */ = {
			isa = XCConfigurationList;
			buildConfigurations = (
				24E031F22423ACDC009A1977 /* Debug */,
				24E031F32423ACDC009A1977 /* Release */,
			);
			defaultConfigurationIsVisible = 0;
			defaultConfigurationName = Release;
		};
		24E031F42423ACDC009A1977 /* Build configuration list for PBXNativeTarget "ClickBusTest" */ = {
			isa = XCConfigurationList;
			buildConfigurations = (
				24E031F52423ACDC009A1977 /* Debug */,
				24E031F62423ACDC009A1977 /* Release */,
			);
			defaultConfigurationIsVisible = 0;
			defaultConfigurationName = Release;
		};
/* End XCConfigurationList section */
	};
	rootObject = 24E031D82423ACD8009A1977 /* Project object */;
}
